{
  "name": "devtools-knowledge-base",
  "version": "0.1.0",
  "lockfileVersion": 3,
  "requires": true,
  "packages": {
    "": {
      "name": "devtools-knowledge-base",
      "version": "0.1.0",
      "dependencies": {
        "@qdrant/js-client-rest": "^1.18.0",
        "csv-parse": "^6.2.1",
        "dotenv": "^17.4.2",
        "openai": "^6.38.0"
      },
      "engines": {
        "node": ">=22.0.0"
      }
    },
    "node_modules/@qdrant/js-client-rest": {
      "version": "1.18.0",
      "resolved": "https://registry.npmjs.org/@qdrant/js-client-rest/-/js-client-rest-1.18.0.tgz",
      "integrity": "sha512-/0dqX5uV9chC1DnYSnU4gNMrDqse/pt6hHg3Rqqpl5isH7xl1xSNvffjzBoxycDD79luWn7Ho6Rh/61sOs5DNw==",
      "license": "Apache-2.0",
      "dependencies": {
        "@qdrant/openapi-typescript-fetch": "1.2.6",
        "undici": "^6.24.0"
      },
      "engines": {
        "node": ">=18.17.0",
        "pnpm": ">=8"
      },
      "peerDependencies": {
        "typescript": ">=4.7"
      }
    },
    "node_modules/@qdrant/openapi-typescript-fetch": {
      "version": "1.2.6",
      "resolved": "https://registry.npmjs.org/@qdrant/openapi-typescript-fetch/-/openapi-typescript-fetch-1.2.6.tgz",
      "integrity": "sha512-oQG/FejNpItrxRHoyctYvT3rwGZOnK4jr3JdppO/c78ktDvkWiPXPHNsrDf33K9sZdRb6PR7gi4noIapu5q4HA==",
      "license": "MIT",
      "engines": {
        "node": ">=18.0.0",
        "pnpm": ">=8"
      }
    },
    "node_modules/csv-parse": {
      "version": "6.2.1",
      "resolved": "https://registry.npmjs.org/csv-parse/-/csv-parse-6.2.1.tgz",
      "integrity": "sha512-LRLMV+UCyfMokp8Wb411duBf1gaBKJfOfBWU9eHMJ+b+cJYZsNu3AFmjJf3+yPGd59Exz1TsMjaSFyxnYB9+IQ==",
      "license": "MIT"
    },
    "node_modules/dotenv": {
      "version": "17.4.2",
      "resolved": "https://registry.npmjs.org/dotenv/-/dotenv-17.4.2.tgz",
      "integrity": "sha512-nI4U3TottKAcAD9LLud4Cb7b2QztQMUEfHbvhTH09bqXTxnSie8WnjPALV/WMCrJZ6UV/qHJ6L03OqO3LcdYZw==",
      "license": "BSD-2-Clause",
      "engines": {
        "node": ">=12"
      },
      "funding": {
        "url": "https://dotenvx.com"
      }
    },
    "node_modules/openai": {
      "version": "6.44.0",
      "resolved": "https://registry.npmjs.org/openai/-/openai-6.44.0.tgz",
      "integrity": "sha512-09/gH+8jH0RgUwsgWHAaxsKGRT5zVZ95IaJUnqAWj6XejIBmnFRwq2WUIF37VtDEsmGrtPmvCs5+yBSeZGWvkA==",
      "license": "Apache-2.0",
      "peerDependencies": {
        "ws": "^8.18.0",
        "zod": "^3.25 || ^4.0"
      },
      "peerDependenciesMeta": {
        "ws": {
          "optional": true
        },
        "zod": {
          "optional": true
        }
      }
    },
    "node_modules/typescript": {
      "version": "6.0.3",
      "resolved": "https://registry.npmjs.org/typescript/-/typescript-6.0.3.tgz",
      "integrity": "sha512-y2TvuxSZPDyQakkFRPZHKFm+KKVqIisdg9/CZwm9ftvKXLP8NRWj38/ODjNbr43SsoXqNuAisEf1GdCxqWcdBw==",
      "license": "Apache-2.0",
      "peer": true,
      "bin": {
        "tsc": "bin/tsc",
        "tsserver": "bin/tsserver"
      },
      "engines": {
        "node": ">=14.17"
      }
    },
    "node_modules/undici": {
      "version": "6.27.0",
      "resolved": "https://registry.npmjs.org/undici/-/undici-6.27.0.tgz",
      "integrity": "sha512-YmfV3YnEDzXRC5lZ2jWtWWHKGUm1zIt8AhesR1tens+HTNv+YZlN/dp6G727LOvMJ8xjP9Be7Y2Sdr96LDm+pg==",
      "license": "MIT",
      "engines": {
        "node": ">=18.17"
      }
    }
  }
}
